// !$*UTF8*$!
{
	archiveVersion = 1;
	classes = {
	};
	objectVersion = 48;
	objects = {

/* Begin PBXBuildFile section */
		172662FA202EDAE300CAC1D9 /* response.json in Resources */ = {isa = PBXBuildFile; fileRef = 172662F9202EDAE300CAC1D9 /* response.json */; };
		177E2A96202E662F0085E260 /* NetworkController.swift in Sources */ = {isa = PBXBuildFile; fileRef = 177E2A95202E662F0085E260 /* NetworkController.swift */; };
		17A3148E202D99AB00B3DAC2 /* AppDelegate.swift in Sources */ = {isa = PBXBuildFile; fileRef = 17A3148D202D99AB00B3DAC2 /* AppDelegate.swift */; };
		17A31490202D99AB00B3DAC2 /* ViewController.swift in Sources */ = {isa = PBXBuildFile; fileRef = 17A3148F202D99AB00B3DAC2 /* ViewController.swift */; };
		17A31493202D99AB00B3DAC2 /* Main.storyboard in Resources */ = {isa = PBXBuildFile; fileRef = 17A31491202D99AB00B3DAC2 /* Main.storyboard */; };
		17A31496202D99AB00B3DAC2 /* Assesment.xcdatamodeld in Sources */ = {isa = PBXBuildFile; fileRef = 17A31494202D99AB00B3DAC2 /* Assesment.xcdatamodeld */; };
		17A31498202D99AB00B3DAC2 /* Assets.xcassets in Resources */ = {isa = PBXBuildFile; fileRef = 17A31497202D99AB00B3DAC2 /* Assets.xcassets */; };
		17A3149B202D99AB00B3DAC2 /* LaunchScreen.storyboard in Resources */ = {isa = PBXBuildFile; fileRef = 17A31499202D99AB00B3DAC2 /* LaunchScreen.storyboard */; };
		17A314A6202D99AB00B3DAC2 /* AssesmentTests.swift in Sources */ = {isa = PBXBuildFile; fileRef = 17A314A5202D99AB00B3DAC2 /* AssesmentTests.swift */; };
		17A314B1202D99AB00B3DAC2 /* AssesmentUITests.swift in Sources */ = {isa = PBXBuildFile; fileRef = 17A314B0202D99AB00B3DAC2 /* AssesmentUITests.swift */; };
		17A314BF202D9A3D00B3DAC2 /* ListTableViewCell.swift in Sources */ = {isa = PBXBuildFile; fileRef = 17A314BE202D9A3D00B3DAC2 /* ListTableViewCell.swift */; };
		A119C292C7A03247FE459B50 /* Pods_Assesment.framework in Frameworks */ = {isa = PBXBuildFile; fileRef = 4C7C3A27CC0B7B83CC0A0CCF /* Pods_Assesment.framework */; };
/* End PBXBuildFile section */

/* Begin PBXContainerItemProxy section */
		17A314A2202D99AB00B3DAC2 /* PBXContainerItemProxy */ = {
			isa = PBXContainerItemProxy;
			containerPortal = 17A31482202D99AB00B3DAC2 /* Project object */;
			proxyType = 1;
			remoteGlobalIDString = 17A31489202D99AB00B3DAC2;
			remoteInfo = Assesment;
		};
		17A314AD202D99AB00B3DAC2 /* PBXContainerItemProxy */ = {
			isa = PBXContainerItemProxy;
			containerPortal = 17A31482202D99AB00B3DAC2 /* Project object */;
			proxyType = 1;
			remoteGlobalIDString = 17A31489202D99AB00B3DAC2;
			remoteInfo = Assesment;
		};
/* End PBXContainerItemProxy section */

/* Begin PBXFileReference section */
		172662F9202EDAE300CAC1D9 /* response.json */ = {isa = PBXFileReference; lastKnownFileType = text.json; path = response.json; sourceTree = "<group>"; };
		177E2A95202E662F0085E260 /* NetworkController.swift */ = {isa = PBXFileReference; lastKnownFileType = sourcecode.swift; path = NetworkController.swift; sourceTree = "<group>"; };
		17A3148A202D99AB00B3DAC2 /* Assesment.app */ = {isa = PBXFileReference; explicitFileType = wrapper.application; includeInIndex = 0; path = Assesment.app; sourceTree = BUILT_PRODUCTS_DIR; };
		17A3148D202D99AB00B3DAC2 /* AppDelegate.swift */ = {isa = PBXFileReference; lastKnownFileType = sourcecode.swift; path = AppDelegate.swift; sourceTree = "<group>"; };
		17A3148F202D99AB00B3DAC2 /* ViewController.swift */ = {isa = PBXFileReference; lastKnownFileType = sourcecode.swift; path = ViewController.swift; sourceTree = "<group>"; };
		17A31492202D99AB00B3DAC2 /* Base */ = {isa = PBXFileReference; lastKnownFileType = file.storyboard; name = Base; path = Base.lproj/Main.storyboard; sourceTree = "<group>"; };
		17A31495202D99AB00B3DAC2 /* Assesment.xcdatamodel */ = {isa = PBXFileReference; lastKnownFileType = wrapper.xcdatamodel; path = Assesment.xcdatamodel; sourceTree = "<group>"; };
		17A31497202D99AB00B3DAC2 /* Assets.xcassets */ = {isa = PBXFileReference; lastKnownFileType = folder.assetcatalog; path = Assets.xcassets; sourceTree = "<group>"; };
		17A3149A202D99AB00B3DAC2 /* Base */ = {isa = PBXFileReference; lastKnownFileType = file.storyboard; name = Base; path = Base.lproj/LaunchScreen.storyboard; sourceTree = "<group>"; };
		17A3149C202D99AB00B3DAC2 /* Info.plist */ = {isa = PBXFileReference; lastKnownFileType = text.plist.xml; path = Info.plist; sourceTree = "<group>"; };
		17A314A1202D99AB00B3DAC2 /* AssesmentTests.xctest */ = {isa = PBXFileReference; explicitFileType = wrapper.cfbundle; includeInIndex = 0; path = AssesmentTests.xctest; sourceTree = BUILT_PRODUCTS_DIR; };
		17A314A5202D99AB00B3DAC2 /* AssesmentTests.swift */ = {isa = PBXFileReference; lastKnownFileType = sourcecode.swift; path = AssesmentTests.swift; sourceTree = "<group>"; };
		17A314A7202D99AB00B3DAC2 /* Info.plist */ = {isa = PBXFileReference; lastKnownFileType = text.plist.xml; path = Info.plist; sourceTree = "<group>"; };
		17A314AC202D99AB00B3DAC2 /* AssesmentUITests.xctest */ = {isa = PBXFileReference; explicitFileType = wrapper.cfbundle; includeInIndex = 0; path = AssesmentUITests.xctest; sourceTree = BUILT_PRODUCTS_DIR; };
		17A314B0202D99AB00B3DAC2 /* AssesmentUITests.swift */ = {isa = PBXFileReference; lastKnownFileType = sourcecode.swift; path = AssesmentUITests.swift; sourceTree = "<group>"; };
		17A314B2202D99AB00B3DAC2 /* Info.plist */ = {isa = PBXFileReference; lastKnownFileType = text.plist.xml; path = Info.plist; sourceTree = "<group>"; };
		17A314BE202D9A3D00B3DAC2 /* ListTableViewCell.swift */ = {isa = PBXFileReference; lastKnownFileType = sourcecode.swift; path = ListTableViewCell.swift; sourceTree = "<group>"; };
		4C7C3A27CC0B7B83CC0A0CCF /* Pods_Assesment.framework */ = {isa = PBXFileReference; explicitFileType = wrapper.framework; includeInIndex = 0; path = Pods_Assesment.framework; sourceTree = BUILT_PRODUCTS_DIR; };
		B1C1672B5747DEA559BFD610 /* Pods-Assesment.debug.xcconfig */ = {isa = PBXFileReference; includeInIndex = 1; lastKnownFileType = text.xcconfig; name = "Pods-Assesment.debug.xcconfig"; path = "Pods/Target Support Files/Pods-Assesment/Pods-Assesment.debug.xcconfig"; sourceTree = "<group>"; };
		D20EE16D66F71421D94C5236 /* Pods-Assesment.release.xcconfig */ = {isa = PBXFileReference; includeInIndex = 1; lastKnownFileType = text.xcconfig; name = "Pods-Assesment.release.xcconfig"; path = "Pods/Target Support Files/Pods-Assesment/Pods-Assesment.release.xcconfig"; sourceTree = "<group>"; };
/* End PBXFileReference section */

/* Begin PBXFrameworksBuildPhase section */
		17A31487202D99AB00B3DAC2 /* Frameworks */ = {
			isa = PBXFrameworksBuildPhase;
			buildActionMask = 2147483647;
			files = (
				A119C292C7A03247FE459B50 /* Pods_Assesment.framework in Frameworks */,
			);
			runOnlyForDeploymentPostprocessing = 0;
		};
		17A3149E202D99AB00B3DAC2 /* Frameworks */ = {
			isa = PBXFrameworksBuildPhase;
			buildActionMask = 2147483647;
			files = (
			);
			runOnlyForDeploymentPostprocessing = 0;
		};
		17A314A9202D99AB00B3DAC2 /* Frameworks */ = {
			isa = PBXFrameworksBuildPhase;
			buildActionMask = 2147483647;
			files = (
			);
			runOnlyForDeploymentPostprocessing = 0;
		};
/* End PBXFrameworksBuildPhase section */

/* Begin PBXGroup section */
		01DC52892FF91A527DC10A32 /* Frameworks */ = {
			isa = PBXGroup;
			children = (
				4C7C3A27CC0B7B83CC0A0CCF /* Pods_Assesment.framework */,
			);
			name = Frameworks;
			sourceTree = "<group>";
		};
		17A31481202D99AB00B3DAC2 = {
			isa = PBXGroup;
			children = (
				17A3148C202D99AB00B3DAC2 /* Assesment */,
				17A314A4202D99AB00B3DAC2 /* AssesmentTests */,
				17A314AF202D99AB00B3DAC2 /* AssesmentUITests */,
				17A3148B202D99AB00B3DAC2 /* Products */,
				82F6F4634BAD20D27E0436AF /* Pods */,
				01DC52892FF91A527DC10A32 /* Frameworks */,
			);
			sourceTree = "<group>";
		};
		17A3148B202D99AB00B3DAC2 /* Products */ = {
			isa = PBXGroup;
			children = (
				17A3148A202D99AB00B3DAC2 /* Assesment.app */,
				17A314A1202D99AB00B3DAC2 /* AssesmentTests.xctest */,
				17A314AC202D99AB00B3DAC2 /* AssesmentUITests.xctest */,
			);
			name = Products;
			sourceTree = "<group>";
		};
		17A3148C202D99AB00B3DAC2 /* Assesment */ = {
			isa = PBXGroup;
			children = (
				17A3148D202D99AB00B3DAC2 /* AppDelegate.swift */,
				17A3148F202D99AB00B3DAC2 /* ViewController.swift */,
				17A31491202D99AB00B3DAC2 /* Main.storyboard */,
				17A31497202D99AB00B3DAC2 /* Assets.xcassets */,
				17A31499202D99AB00B3DAC2 /* LaunchScreen.storyboard */,
				17A3149C202D99AB00B3DAC2 /* Info.plist */,
				17A31494202D99AB00B3DAC2 /* Assesment.xcdatamodeld */,
				17A314BE202D9A3D00B3DAC2 /* ListTableViewCell.swift */,
				177E2A95202E662F0085E260 /* NetworkController.swift */,
			);
			path = Assesment;
			sourceTree = "<group>";
		};
		17A314A4202D99AB00B3DAC2 /* AssesmentTests */ = {
			isa = PBXGroup;
			children = (
				17A314A5202D99AB00B3DAC2 /* AssesmentTests.swift */,
				17A314A7202D99AB00B3DAC2 /* Info.plist */,
				172662F9202EDAE300CAC1D9 /* response.json */,
			);
			path = AssesmentTests;
			sourceTree = "<group>";
		};
		17A314AF202D99AB00B3DAC2 /* AssesmentUITests */ = {
			isa = PBXGroup;
			children = (
				17A314B0202D99AB00B3DAC2 /* AssesmentUITests.swift */,
				17A314B2202D99AB00B3DAC2 /* Info.plist */,
			);
			path = AssesmentUITests;
			sourceTree = "<group>";
		};
		82F6F4634BAD20D27E0436AF /* Pods */ = {
			isa = PBXGroup;
			children = (
				B1C1672B5747DEA559BFD610 /* Pods-Assesment.debug.xcconfig */,
				D20EE16D66F71421D94C5236 /* Pods-Assesment.release.xcconfig */,
			);
			name = Pods;
			sourceTree = "<group>";
		};
/* End PBXGroup section */

/* Begin PBXNativeTarget section */
		17A31489202D99AB00B3DAC2 /* Assesment */ = {
			isa = PBXNativeTarget;
			buildConfigurationList = 17A314B5202D99AB00B3DAC2 /* Build configuration list for PBXNativeTarget "Assesment" */;
			buildPhases = (
				07EBB25763E54F4C54470625 /* [CP] Check Pods Manifest.lock */,
				17A31486202D99AB00B3DAC2 /* Sources */,
				17A31487202D99AB00B3DAC2 /* Frameworks */,
				17A31488202D99AB00B3DAC2 /* Resources */,
				4658B8FDAC5D3E7AE24EA510 /* [CP] Embed Pods Frameworks */,
				030296F4C48657D3EDA35C9C /* [CP] Copy Pods Resources */,
			);
			buildRules = (
			);
			dependencies = (
			);
			name = Assesment;
			productName = Assesment;
			productReference = 17A3148A202D99AB00B3DAC2 /* Assesment.app */;
			productType = "com.apple.product-type.application";
		};
		17A314A0202D99AB00B3DAC2 /* AssesmentTests */ = {
			isa = PBXNativeTarget;
			buildConfigurationList = 17A314B8202D99AB00B3DAC2 /* Build configuration list for PBXNativeTarget "AssesmentTests" */;
			buildPhases = (
				17A3149D202D99AB00B3DAC2 /* Sources */,
				17A3149E202D99AB00B3DAC2 /* Frameworks */,
				17A3149F202D99AB00B3DAC2 /* Resources */,
			);
			buildRules = (
			);
			dependencies = (
				17A314A3202D99AB00B3DAC2 /* PBXTargetDependency */,
			);
			name = AssesmentTests;
			productName = AssesmentTests;
			productReference = 17A314A1202D99AB00B3DAC2 /* AssesmentTests.xctest */;
			productType = "com.apple.product-type.bundle.unit-test";
		};
		17A314AB202D99AB00B3DAC2 /* AssesmentUITests */ = {
			isa = PBXNativeTarget;
			buildConfigurationList = 17A314BB202D99AB00B3DAC2 /* Build configuration list for PBXNativeTarget "AssesmentUITests" */;
			buildPhases = (
				17A314A8202D99AB00B3DAC2 /* Sources */,
				17A314A9202D99AB00B3DAC2 /* Frameworks */,
				17A314AA202D99AB00B3DAC2 /* Resources */,
			);
			buildRules = (
			);
			dependencies = (
				17A314AE202D99AB00B3DAC2 /* PBXTargetDependency */,
			);
			name = AssesmentUITests;
			productName = AssesmentUITests;
			productReference = 17A314AC202D99AB00B3DAC2 /* AssesmentUITests.xctest */;
			productType = "com.apple.product-type.bundle.ui-testing";
		};
/* End PBXNativeTarget section */

/* Begin PBXProject section */
		17A31482202D99AB00B3DAC2 /* Project object */ = {
			isa = PBXProject;
			attributes = {
				LastSwiftUpdateCheck = 0920;
				LastUpgradeCheck = 0920;
				ORGANIZATIONNAME = Bhavya;
				TargetAttributes = {
					17A31489202D99AB00B3DAC2 = {
						CreatedOnToolsVersion = 9.2;
						ProvisioningStyle = Automatic;
					};
					17A314A0202D99AB00B3DAC2 = {
						CreatedOnToolsVersion = 9.2;
						ProvisioningStyle = Automatic;
						TestTargetID = 17A31489202D99AB00B3DAC2;
					};
					17A314AB202D99AB00B3DAC2 = {
						CreatedOnToolsVersion = 9.2;
						ProvisioningStyle = Automatic;
						TestTargetID = 17A31489202D99AB00B3DAC2;
					};
				};
			};
			buildConfigurationList = 17A31485202D99AB00B3DAC2 /* Build configuration list for PBXProject "Assesment" */;
			compatibilityVersion = "Xcode 8.0";
			developmentRegion = en;
			hasScannedForEncodings = 0;
			knownRegions = (
				en,
				Base,
			);
			mainGroup = 17A31481202D99AB00B3DAC2;
			productRefGroup = 17A3148B202D99AB00B3DAC2 /* Products */;
			projectDirPath = "";
			projectRoot = "";
			targets = (
				17A31489202D99AB00B3DAC2 /* Assesment */,
				17A314A0202D99AB00B3DAC2 /* AssesmentTests */,
				17A314AB202D99AB00B3DAC2 /* AssesmentUITests */,
			);
		};
/* End PBXProject section */

/* Begin PBXResourcesBuildPhase section */
		17A31488202D99AB00B3DAC2 /* Resources */ = {
			isa = PBXResourcesBuildPhase;
			buildActionMask = 2147483647;
			files = (
				17A3149B202D99AB00B3DAC2 /* LaunchScreen.storyboard in Resources */,
				17A31498202D99AB00B3DAC2 /* Assets.xcassets in Resources */,
				17A31493202D99AB00B3DAC2 /* Main.storyboard in Resources */,
			);
			runOnlyForDeploymentPostprocessing = 0;
		};
		17A3149F202D99AB00B3DAC2 /* Resources */ = {
			isa = PBXResourcesBuildPhase;
			buildActionMask = 2147483647;
			files = (
				172662FA202EDAE300CAC1D9 /* response.json in Resources */,
			);
			runOnlyForDeploymentPostprocessing = 0;
		};
		17A314AA202D99AB00B3DAC2 /* Resources */ = {
			isa = PBXResourcesBuildPhase;
			buildActionMask = 2147483647;
			files = (
			);
			runOnlyForDeploymentPostprocessing = 0;
		};
/* End PBXResourcesBuildPhase section */

/* Begin PBXShellScriptBuildPhase section */
		030296F4C48657D3EDA35C9C /* [CP] Copy Pods Resources */ = {
			isa = PBXShellScriptBuildPhase;
			buildActionMask = 2147483647;
			files = (
			);
			inputPaths = (
			);
			name = "[CP] Copy Pods Resources";
			outputPaths = (
			);
			runOnlyForDeploymentPostprocessing = 0;
			shellPath = /bin/sh;
			shellScript = "\"${SRCROOT}/Pods/Target Support Files/Pods-Assesment/Pods-Assesment-resources.sh\"\n";
			showEnvVarsInLog = 0;
		};
		07EBB25763E54F4C54470625 /* [CP] Check Pods Manifest.lock */ = {
			isa = PBXShellScriptBuildPhase;
			buildActionMask = 2147483647;
			files = (
			);
			inputPaths = (
				"${PODS_PODFILE_DIR_PATH}/Podfile.lock",
				"${PODS_ROOT}/Manifest.lock",
			);
			name = "[CP] Check Pods Manifest.lock";
			outputPaths = (
				"$(DERIVED_FILE_DIR)/Pods-Assesment-checkManifestLockResult.txt",
			);
			runOnlyForDeploymentPostprocessing = 0;
			shellPath = /bin/sh;
			shellScript = "diff \"${PODS_PODFILE_DIR_PATH}/Podfile.lock\" \"${PODS_ROOT}/Manifest.lock\" > /dev/null\nif [ $? != 0 ] ; then\n    # print error to STDERR\n    echo \"error: The sandbox is not in sync with the Podfile.lock. Run 'pod install' or update your CocoaPods installation.\" >&2\n    exit 1\nfi\n# This output is used by Xcode 'outputs' to avoid re-running this script phase.\necho \"SUCCESS\" > \"${SCRIPT_OUTPUT_FILE_0}\"\n";
			showEnvVarsInLog = 0;
		};
		4658B8FDAC5D3E7AE24EA510 /* [CP] Embed Pods Frameworks */ = {
			isa = PBXShellScriptBuildPhase;
			buildActionMask = 2147483647;
			files = (
			);
			inputPaths = (
				"${SRCROOT}/Pods/Target Support Files/Pods-Assesment/Pods-Assesment-frameworks.sh",
				"${BUILT_PRODUCTS_DIR}/Kingfisher/Kingfisher.framework",
			);
			name = "[CP] Embed Pods Frameworks";
			outputPaths = (
				"${TARGET_BUILD_DIR}/${FRAMEWORKS_FOLDER_PATH}/Kingfisher.framework",
			);
			runOnlyForDeploymentPostprocessing = 0;
			shellPath = /bin/sh;
			shellScript = "\"${SRCROOT}/Pods/Target Support Files/Pods-Assesment/Pods-Assesment-frameworks.sh\"\n";
			showEnvVarsInLog = 0;
		};
/* End PBXShellScriptBuildPhase section */

/* Begin PBXSourcesBuildPhase section */
		17A31486202D99AB00B3DAC2 /* Sources */ = {
			isa = PBXSourcesBuildPhase;
			buildActionMask = 2147483647;
			files = (
				177E2A96202E662F0085E260 /* NetworkController.swift in Sources */,
				17A31496202D99AB00B3DAC2 /* Assesment.xcdatamodeld in Sources */,
				17A314BF202D9A3D00B3DAC2 /* ListTableViewCell.swift in Sources */,
				17A31490202D99AB00B3DAC2 /* ViewController.swift in Sources */,
				17A3148E202D99AB00B3DAC2 /* AppDelegate.swift in Sources */,
			);
			runOnlyForDeploymentPostprocessing = 0;
		};
		17A3149D202D99AB00B3DAC2 /* Sources */ = {
			isa = PBXSourcesBuildPhase;
			buildActionMask = 2147483647;
			files = (
				17A314A6202D99AB00B3DAC2 /* AssesmentTests.swift in Sources */,
			);
			runOnlyForDeploymentPostprocessing = 0;
		};
		17A314A8202D99AB00B3DAC2 /* Sources */ = {
			isa = PBXSourcesBuildPhase;
			buildActionMask = 2147483647;
			files = (
				17A314B1202D99AB00B3DAC2 /* AssesmentUITests.swift in Sources */,
			);
			runOnlyForDeploymentPostprocessing = 0;
		};
/* End PBXSourcesBuildPhase section */

/* Begin PBXTargetDependency section */
		17A314A3202D99AB00B3DAC2 /* PBXTargetDependency */ = {
			isa = PBXTargetDependency;
			target = 17A31489202D99AB00B3DAC2 /* Assesment */;
			targetProxy = 17A314A2202D99AB00B3DAC2 /* PBXContainerItemProxy */;
		};
		17A314AE202D99AB00B3DAC2 /* PBXTargetDependency */ = {
			isa = PBXTargetDependency;
			target = 17A31489202D99AB00B3DAC2 /* Assesment */;
			targetProxy = 17A314AD202D99AB00B3DAC2 /* PBXContainerItemProxy */;
		};
/* End PBXTargetDependency section */

/* Begin PBXVariantGroup section */
		17A31491202D99AB00B3DAC2 /* Main.storyboard */ = {
			isa = PBXVariantGroup;
			children = (
				17A31492202D99AB00B3DAC2 /* Base */,
			);
			name = Main.storyboard;
			sourceTree = "<group>";
		};
		17A31499202D99AB00B3DAC2 /* LaunchScreen.storyboard */ = {
			isa = PBXVariantGroup;
			children = (
				17A3149A202D99AB00B3DAC2 /* Base */,
			);
			name = LaunchScreen.storyboard;
			sourceTree = "<group>";
		};
/* End PBXVariantGroup section */

/* Begin XCBuildConfiguration section */
		17A314B3202D99AB00B3DAC2 /* Debug */ = {
			isa = XCBuildConfiguration;
			buildSettings = {
				ALWAYS_SEARCH_USER_PATHS = NO;
				CLANG_ANALYZER_NONNULL = YES;
				CLANG_ANALYZER_NUMBER_OBJECT_CONVERSION = YES_AGGRESSIVE;
				CLANG_CXX_LANGUAGE_STANDARD = "gnu++14";
				CLANG_CXX_LIBRARY = "libc++";
				CLANG_ENABLE_MODULES = YES;
				CLANG_ENABLE_OBJC_ARC = YES;
				CLANG_WARN_BLOCK_CAPTURE_AUTORELEASING = YES;
				CLANG_WARN_BOOL_CONVERSION = YES;
				CLANG_WARN_COMMA = YES;
				CLANG_WARN_CONSTANT_CONVERSION = YES;
				CLANG_WARN_DIRECT_OBJC_ISA_USAGE = YES_ERROR;
				CLANG_WARN_DOCUMENTATION_COMMENTS = YES;
				CLANG_WARN_EMPTY_BODY = YES;
				CLANG_WARN_ENUM_CONVERSION = YES;
				CLANG_WARN_INFINITE_RECURSION = YES;
				CLANG_WARN_INT_CONVERSION = YES;
				CLANG_WARN_NON_LITERAL_NULL_CONVERSION = YES;
				CLANG_WARN_OBJC_LITERAL_CONVERSION = YES;
				CLANG_WARN_OBJC_ROOT_CLASS = YES_ERROR;
				CLANG_WARN_RANGE_LOOP_ANALYSIS = YES;
				CLANG_WARN_STRICT_PROTOTYPES = YES;
				CLANG_WARN_SUSPICIOUS_MOVE = YES;
				CLANG_WARN_UNGUARDED_AVAILABILITY = YES_AGGRESSIVE;
				CLANG_WARN_UNREACHABLE_CODE = YES;
				CLANG_WARN__DUPLICATE_METHOD_MATCH = YES;
				CODE_SIGN_IDENTITY = "iPhone Developer";
				COPY_PHASE_STRIP = NO;
				DEBUG_INFORMATION_FORMAT = dwarf;
				ENABLE_STRICT_OBJC_MSGSEND = YES;
				ENABLE_TESTABILITY = YES;
				GCC_C_LANGUAGE_STANDARD = gnu11;
				GCC_DYNAMIC_NO_PIC = NO;
				GCC_NO_COMMON_BLOCKS = YES;
				GCC_OPTIMIZATION_LEVEL = 0;
				GCC_PREPROCESSOR_DEFINITIONS = (
					"DEBUG=1",
					"$(inherited)",
				);
				GCC_WARN_64_TO_32_BIT_CONVERSION = YES;
				GCC_WARN_ABOUT_RETURN_TYPE = YES_ERROR;
				GCC_WARN_UNDECLARED_SELECTOR = YES;
				GCC_WARN_UNINITIALIZED_AUTOS = YES_AGGRESSIVE;
				GCC_WARN_UNUSED_FUNCTION = YES;
				GCC_WARN_UNUSED_VARIABLE = YES;
				IPHONEOS_DEPLOYMENT_TARGET = 11.2;
				MTL_ENABLE_DEBUG_INFO = YES;
				ONLY_ACTIVE_ARCH = YES;
				SDKROOT = iphoneos;
				SWIFT_ACTIVE_COMPILATION_CONDITIONS = DEBUG;
				SWIFT_OPTIMIZATION_LEVEL = "-Onone";
			};
			name = Debug;
		};
		17A314B4202D99AB00B3DAC2 /* Release */ = {
			isa = XCBuildConfiguration;
			buildSettings = {
				ALWAYS_SEARCH_USER_PATHS = NO;
				CLANG_ANALYZER_NONNULL = YES;
				CLANG_ANALYZER_NUMBER_OBJECT_CONVERSION = YES_AGGRESSIVE;
				CLANG_CXX_LANGUAGE_STANDARD = "gnu++14";
				CLANG_CXX_LIBRARY = "libc++";
				CLANG_ENABLE_MODULES = YES;
				CLANG_ENABLE_OBJC_ARC = YES;
				CLANG_WARN_BLOCK_CAPTURE_AUTORELEASING = YES;
				CLANG_WARN_BOOL_CONVERSION = YES;
				CLANG_WARN_COMMA = YES;
				CLANG_WARN_CONSTANT_CONVERSION = YES;
				CLANG_WARN_DIRECT_OBJC_ISA_USAGE = YES_ERROR;
				CLANG_WARN_DOCUMENTATION_COMMENTS = YES;
				CLANG_WARN_EMPTY_BODY = YES;
				CLANG_WARN_ENUM_CONVERSION = YES;
				CLANG_WARN_INFINITE_RECURSION = YES;
				CLANG_WARN_INT_CONVERSION = YES;
				CLANG_WARN_NON_LITERAL_NULL_CONVERSION = YES;
				CLANG_WARN_OBJC_LITERAL_CONVERSION = YES;
				CLANG_WARN_OBJC_ROOT_CLASS = YES_ERROR;
				CLANG_WARN_RANGE_LOOP_ANALYSIS = YES;
				CLANG_WARN_STRICT_PROTOTYPES = YES;
				CLANG_WARN_SUSPICIOUS_MOVE = YES;
				CLANG_WARN_UNGUARDED_AVAILABILITY = YES_AGGRESSIVE;
				CLANG_WARN_UNREACHABLE_CODE = YES;
				CLANG_WARN__DUPLICATE_METHOD_MATCH = YES;
				CODE_SIGN_IDENTITY = "iPhone Developer";
				COPY_PHASE_STRIP = NO;
				DEBUG_INFORMATION_FORMAT = "dwarf-with-dsym";
				ENABLE_NS_ASSERTIONS = NO;
				ENABLE_STRICT_OBJC_MSGSEND = YES;
				GCC_C_LANGUAGE_STANDARD = gnu11;
				GCC_NO_COMMON_BLOCKS = YES;
				GCC_WARN_64_TO_32_BIT_CONVERSION = YES;
				GCC_WARN_ABOUT_RETURN_TYPE = YES_ERROR;
				GCC_WARN_UNDECLARED_SELECTOR = YES;
				GCC_WARN_UNINITIALIZED_AUTOS = YES_AGGRESSIVE;
				GCC_WARN_UNUSED_FUNCTION = YES;
				GCC_WARN_UNUSED_VARIABLE = YES;
				IPHONEOS_DEPLOYMENT_TARGET = 11.2;
				MTL_ENABLE_DEBUG_INFO = NO;
				SDKROOT = iphoneos;
				SWIFT_OPTIMIZATION_LEVEL = "-Owholemodule";
				VALIDATE_PRODUCT = YES;
			};
			name = Release;
		};
		17A314B6202D99AB00B3DAC2 /* Debug */ = {
			isa = XCBuildConfiguration;
			baseConfigurationReference = B1C1672B5747DEA559BFD610 /* Pods-Assesment.debug.xcconfig */;
			buildSettings = {
				ASSETCATALOG_COMPILER_APPICON_NAME = AppIcon;
				"CODE_SIGN_IDENTITY[sdk=iphoneos*]" = "iPhone Developer";
				CODE_SIGN_STYLE = Automatic;
				DEVELOPMENT_TEAM = 64A8Y9K53B;
				INFOPLIST_FILE = Assesment/Info.plist;
				IPHONEOS_DEPLOYMENT_TARGET = 8.0;
				LD_RUNPATH_SEARCH_PATHS = "$(inherited) @executable_path/Frameworks";
				PRODUCT_BUNDLE_IDENTIFIER = com.bhavya.Assesment;
				PRODUCT_NAME = "$(TARGET_NAME)";
				PROVISIONING_PROFILE_SPECIFIER = "";
				SWIFT_VERSION = 4.0;
				TARGETED_DEVICE_FAMILY = "1,2";
			};
			name = Debug;
		};
		17A314B7202D99AB00B3DAC2 /* Release */ = {
			isa = XCBuildConfiguration;
			baseConfigurationReference = D20EE16D66F71421D94C5236 /* Pods-Assesment.release.xcconfig */;
			buildSettings = {
				ASSETCATALOG_COMPILER_APPICON_NAME = AppIcon;
				"CODE_SIGN_IDENTITY[sdk=iphoneos*]" = "iPhone Developer";
				CODE_SIGN_STYLE = Automatic;
				DEVELOPMENT_TEAM = 64A8Y9K53B;
				INFOPLIST_FILE = Assesment/Info.plist;
				IPHONEOS_DEPLOYMENT_TARGET = 8.0;
				LD_RUNPATH_SEARCH_PATHS = "$(inherited) @executable_path/Frameworks";
				PRODUCT_BUNDLE_IDENTIFIER = com.bhavya.Assesment;
				PRODUCT_NAME = "$(TARGET_NAME)";
				PROVISIONING_PROFILE_SPECIFIER = "";
				SWIFT_VERSION = 4.0;
				TARGETED_DEVICE_FAMILY = "1,2";
			};
			name = Release;
		};
		17A314B9202D99AB00B3DAC2 /* Debug */ = {
			isa = XCBuildConfiguration;
			buildSettings = {
				ALWAYS_EMBED_SWIFT_STANDARD_LIBRARIES = YES;
				BUNDLE_LOADER = "$(TEST_HOST)";
				CODE_SIGN_STYLE = Automatic;
				DEVELOPMENT_TEAM = VZ8X72SXY6;
				INFOPLIST_FILE = AssesmentTests/Info.plist;
				LD_RUNPATH_SEARCH_PATHS = "$(inherited) @executable_path/Frameworks @loader_path/Frameworks";
				PRODUCT_BUNDLE_IDENTIFIER = com.bhavya.AssesmentTests;
				PRODUCT_NAME = "$(TARGET_NAME)";
				SWIFT_VERSION = 4.0;
				TARGETED_DEVICE_FAMILY = "1,2";
				TEST_HOST = "$(BUILT_PRODUCTS_DIR)/Assesment.app/Assesment";
			};
			name = Debug;
		};
		17A314BA202D99AB00B3DAC2 /* Release */ = {
			isa = XCBuildConfiguration;
			buildSettings = {
				ALWAYS_EMBED_SWIFT_STANDARD_LIBRARIES = YES;
				BUNDLE_LOADER = "$(TEST_HOST)";
				CODE_SIGN_STYLE = Automatic;
				DEVELOPMENT_TEAM = VZ8X72SXY6;
				INFOPLIST_FILE = AssesmentTests/Info.plist;
				LD_RUNPATH_SEARCH_PATHS = "$(inherited) @executable_path/Frameworks @loader_path/Frameworks";
				PRODUCT_BUNDLE_IDENTIFIER = com.bhavya.AssesmentTests;
				PRODUCT_NAME = "$(TARGET_NAME)";
				SWIFT_VERSION = 4.0;
				TARGETED_DEVICE_FAMILY = "1,2";
				TEST_HOST = "$(BUILT_PRODUCTS_DIR)/Assesment.app/Assesment";
			};
			name = Release;
		};
		17A314BC202D99AB00B3DAC2 /* Debug */ = {
			isa = XCBuildConfiguration;
			buildSettings = {
				ALWAYS_EMBED_SWIFT_STANDARD_LIBRARIES = YES;
				CODE_SIGN_STYLE = Automatic;
				DEVELOPMENT_TEAM = VZ8X72SXY6;
				INFOPLIST_FILE = AssesmentUITests/Info.plist;
				LD_RUNPATH_SEARCH_PATHS = "$(inherited) @executable_path/Frameworks @loader_path/Frameworks";
				PRODUCT_BUNDLE_IDENTIFIER = com.bhavya.AssesmentUITests;
				PRODUCT_NAME = "$(TARGET_NAME)";
				SWIFT_VERSION = 4.0;
				TARGETED_DEVICE_FAMILY = "1,2";
				TEST_TARGET_NAME = Assesment;
			};
			name = Debug;
		};
		17A314BD202D99AB00B3DAC2 /* Release */ = {
			isa = XCBuildConfiguration;
			buildSettings = {
				ALWAYS_EMBED_SWIFT_STANDARD_LIBRARIES = YES;
				CODE_SIGN_STYLE = Automatic;
				DEVELOPMENT_TEAM = VZ8X72SXY6;
				INFOPLIST_FILE = AssesmentUITests/Info.plist;
				LD_RUNPATH_SEARCH_PATHS = "$(inherited) @executable_path/Frameworks @loader_path/Frameworks";
				PRODUCT_BUNDLE_IDENTIFIER = com.bhavya.AssesmentUITests;
				PRODUCT_NAME = "$(TARGET_NAME)";
				SWIFT_VERSION = 4.0;
				TARGETED_DEVICE_FAMILY = "1,2";
				TEST_TARGET_NAME = Assesment;
			};
			name = Release;
		};
/* End XCBuildConfiguration section */

/* Begin XCConfigurationList section */
		17A31485202D99AB00B3DAC2 /* Build configuration list for PBXProject "Assesment" */ = {
			isa = XCConfigurationList;
			buildConfigurations = (
				17A314B3202D99AB00B3DAC2 /* Debug */,
				17A314B4202D99AB00B3DAC2 /* Release */,
			);
			defaultConfigurationIsVisible = 0;
			defaultConfigurationName = Release;
		};
		17A314B5202D99AB00B3DAC2 /* Build configuration list for PBXNativeTarget "Assesment" */ = {
			isa = XCConfigurationList;
			buildConfigurations = (
				17A314B6202D99AB00B3DAC2 /* Debug */,
				17A314B7202D99AB00B3DAC2 /* Release */,
			);
			defaultConfigurationIsVisible = 0;
			defaultConfigurationName = Release;
		};
		17A314B8202D99AB00B3DAC2 /* Build configuration list for PBXNativeTarget "AssesmentTests" */ = {
			isa = XCConfigurationList;
			buildConfigurations = (
				17A314B9202D99AB00B3DAC2 /* Debug */,
				17A314BA202D99AB00B3DAC2 /* Release */,
			);
			defaultConfigurationIsVisible = 0;
			defaultConfigurationName = Release;
		};
		17A314BB202D99AB00B3DAC2 /* Build configuration list for PBXNativeTarget "AssesmentUITests" */ = {
			isa = XCConfigurationList;
			buildConfigurations = (
				17A314BC202D99AB00B3DAC2 /* Debug */,
				17A314BD202D99AB00B3DAC2 /* Release */,
			);
			defaultConfigurationIsVisible = 0;
			defaultConfigurationName = Release;
		};
/* End XCConfigurationList section */

/* Begin XCVersionGroup section */
		17A31494202D99AB00B3DAC2 /* Assesment.xcdatamodeld */ = {
			isa = XCVersionGroup;
			children = (
				17A31495202D99AB00B3DAC2 /* Assesment.xcdatamodel */,
			);
			currentVersion = 17A31495202D99AB00B3DAC2 /* Assesment.xcdatamodel */;
			path = Assesment.xcdatamodeld;
			sourceTree = "<group>";
			versionGroupType = wrapper.xcdatamodel;
		};
/* End XCVersionGroup section */
	};
	rootObject = 17A31482202D99AB00B3DAC2 /* Project object */;
}
